
Microsoft Visual Studio Solution File, Format Version 12.00
# Visual Studio 15
VisualStudioVersion = 15.0.27004.2010
MinimumVisualStudioVersion = 10.0.40219.1
Project("{9A19103F-16F7-4668-BE54-9A1E7A4F7556}") = "CustomerManager.API", "CustomerManager.API\CustomerManager.API.csproj", "{60544C69-CCAF-45D5-BCAF-E8FEE3875207}"
EndProject
Project("{9A19103F-16F7-4668-BE54-9A1E7A4F7556}") = "CustomerManager.Models", "CustomerManager.Models\CustomerManager.Models.csproj", "{BD6712E9-769B-4D41-BCA2-DFD0B83F5407}"
EndProject
Project("{9A19103F-16F7-4668-BE54-9A1E7A4F7556}") = "CustomerManager.Interfaces", "CustomerManager.Interfaces\CustomerManager.Interfaces.csproj", "{2B26B07D-A1A2-4566-8164-DF2453BF3931}"
EndProject
Project("{9A19103F-16F7-4668-BE54-9A1E7A4F7556}") = "CustomerManager.Persistence", "CustomerManager.Persistence\CustomerManager.Persistence.csproj", "{828DB541-F689-473D-862A-8B9545E45EC2}"
EndProject
Global
	GlobalSection(SolutionConfigurationPlatforms) = preSolution
		Debug|Any CPU = Debug|Any CPU
		Release|Any CPU = Release|Any CPU
	EndGlobalSection
	GlobalSection(ProjectConfigurationPlatforms) = postSolution
		{60544C69-CCAF-45D5-BCAF-E8FEE3875207}.Debug|Any CPU.ActiveCfg = Debug|Any CPU
		{60544C69-CCAF-45D5-BCAF-E8FEE3875207}.Debug|Any CPU.Build.0 = Debug|Any CPU
		{60544C69-CCAF-45D5-BCAF-E8FEE3875207}.Release|Any CPU.ActiveCfg = Release|Any CPU
		{60544C69-CCAF-45D5-BCAF-E8FEE3875207}.Release|Any CPU.Build.0 = Release|Any CPU
		{BD6712E9-769B-4D41-BCA2-DFD0B83F5407}.Debug|Any CPU.ActiveCfg = Debug|Any CPU
		{BD6712E9-769B-4D41-BCA2-DFD0B83F5407}.Debug|Any CPU.Build.0 = Debug|Any CPU
		{BD6712E9-769B-4D41-BCA2-DFD0B83F5407}.Release|Any CPU.ActiveCfg = Release|Any CPU
		{BD6712E9-769B-4D41-BCA2-DFD0B83F5407}.Release|Any CPU.Build.0 = Release|Any CPU
		{2B26B07D-A1A2-4566-8164-DF2453BF3931}.Debug|Any CPU.ActiveCfg = Debug|Any CPU
		{2B26B07D-A1A2-4566-8164-DF2453BF3931}.Debug|Any CPU.Build.0 = Debug|Any CPU
		{2B26B07D-A1A2-4566-8164-DF2453BF3931}.Release|Any CPU.ActiveCfg = Release|Any CPU
		{2B26B07D-A1A2-4566-8164-DF2453BF3931}.Release|Any CPU.Build.0 = Release|Any CPU
		{828DB541-F689-473D-862A-8B9545E45EC2}.Debug|Any CPU.ActiveCfg = Debug|Any CPU
		{828DB541-F689-473D-862A-8B9545E45EC2}.Debug|Any CPU.Build.0 = Debug|Any CPU
		{828DB541-F689-473D-862A-8B9545E45EC2}.Release|Any CPU.ActiveCfg = Release|Any CPU
		{828DB541-F689-473D-862A-8B9545E45EC2}.Release|Any CPU.Build.0 = Release|Any CPU
	EndGlobalSection
	GlobalSection(SolutionProperties) = preSolution
		HideSolutionNode = FALSE
	EndGlobalSection
	GlobalSection(ExtensibilityGlobals) = postSolution
		SolutionGuid = {C172951E-7740-4C06-AFB5-C132DD4621FD}
	EndGlobalSection
EndGlobal
